// !$*UTF8*$!
{
	archiveVersion = 1;
	classes = {
	};
	objectVersion = 51;
	objects = {

/* Begin PBXBuildFile section */
		C130173EB30D501D39BCB63D /* Pods_iChat.framework in Frameworks */ = {isa = PBXBuildFile; fileRef = 4795C66032AF10653BDC9019 /* Pods_iChat.framework */; };
		D02DE0FA233D1A7A005F9113 /* ProfileViewTableViewController.swift in Sources */ = {isa = PBXBuildFile; fileRef = D02DE0F9233D1A7A005F9113 /* ProfileViewTableViewController.swift */; };
		D034C579233D2AD900C1CEB5 /* Recent.swift in Sources */ = {isa = PBXBuildFile; fileRef = D034C578233D2AD900C1CEB5 /* Recent.swift */; };
		D034C57B233E345600C1CEB5 /* RecentChatTableViewCell.swift in Sources */ = {isa = PBXBuildFile; fileRef = D034C57A233E345600C1CEB5 /* RecentChatTableViewCell.swift */; };
		D064125D2332788F00985C84 /* AppDelegate.swift in Sources */ = {isa = PBXBuildFile; fileRef = D064125C2332788F00985C84 /* AppDelegate.swift */; };
		D06412622332788F00985C84 /* Main.storyboard in Resources */ = {isa = PBXBuildFile; fileRef = D06412602332788F00985C84 /* Main.storyboard */; };
		D06412642332789100985C84 /* Assets.xcassets in Resources */ = {isa = PBXBuildFile; fileRef = D06412632332789100985C84 /* Assets.xcassets */; };
		D06412672332789100985C84 /* LaunchScreen.storyboard in Resources */ = {isa = PBXBuildFile; fileRef = D06412652332789100985C84 /* LaunchScreen.storyboard */; };
		D064126F23328B8A00985C84 /* WelcomeViewController.swift in Sources */ = {isa = PBXBuildFile; fileRef = D064126E23328B8A00985C84 /* WelcomeViewController.swift */; };
		D0641271233297FA00985C84 /* GoogleService-Info.plist in Resources */ = {isa = PBXBuildFile; fileRef = D0641270233297FA00985C84 /* GoogleService-Info.plist */; };
		D0641273233299D100985C84 /* FUser.swift in Sources */ = {isa = PBXBuildFile; fileRef = D0641272233299D100985C84 /* FUser.swift */; };
		D064127523329AAF00985C84 /* Constants.swift in Sources */ = {isa = PBXBuildFile; fileRef = D064127423329AAF00985C84 /* Constants.swift */; };
		D06412772332A5C000985C84 /* CollectionReference.swift in Sources */ = {isa = PBXBuildFile; fileRef = D06412762332A5C000985C84 /* CollectionReference.swift */; };
		D06412792332A68900985C84 /* HelperFunctions.swift in Sources */ = {isa = PBXBuildFile; fileRef = D06412782332A68900985C84 /* HelperFunctions.swift */; };
		D064127B2333E79D00985C84 /* FinishRegistrationViewController.swift in Sources */ = {isa = PBXBuildFile; fileRef = D064127A2333E79D00985C84 /* FinishRegistrationViewController.swift */; };
		D08389A42341020A00D36072 /* ChatViewController.swift in Sources */ = {isa = PBXBuildFile; fileRef = D08389A32341020A00D36072 /* ChatViewController.swift */; };
		D08389A62342257500D36072 /* OutgoingMessages.swift in Sources */ = {isa = PBXBuildFile; fileRef = D08389A52342257500D36072 /* OutgoingMessages.swift */; };
		D08389A8234238E000D36072 /* IncomingMessages.swift in Sources */ = {isa = PBXBuildFile; fileRef = D08389A7234238E000D36072 /* IncomingMessages.swift */; };
		D0F4994723392A22006E15A9 /* SettingsTableViewController.swift in Sources */ = {isa = PBXBuildFile; fileRef = D0F4994623392A22006E15A9 /* SettingsTableViewController.swift */; };
		D0F49949233A2562006E15A9 /* UserTableViewCell.swift in Sources */ = {isa = PBXBuildFile; fileRef = D0F49948233A2562006E15A9 /* UserTableViewCell.swift */; };
		D0F4994C233A2BD8006E15A9 /* UsersTableViewController.swift in Sources */ = {isa = PBXBuildFile; fileRef = D0F4994B233A2BD8006E15A9 /* UsersTableViewController.swift */; };
		D0F4994E233A3BAB006E15A9 /* ChatsViewController.swift in Sources */ = {isa = PBXBuildFile; fileRef = D0F4994D233A3BAB006E15A9 /* ChatsViewController.swift */; };
/* End PBXBuildFile section */

/* Begin PBXFileReference section */
		4795C66032AF10653BDC9019 /* Pods_iChat.framework */ = {isa = PBXFileReference; explicitFileType = wrapper.framework; includeInIndex = 0; path = Pods_iChat.framework; sourceTree = BUILT_PRODUCTS_DIR; };
		897E7FF311F780FF7F94BF22 /* Pods-iChat.release.xcconfig */ = {isa = PBXFileReference; includeInIndex = 1; lastKnownFileType = text.xcconfig; name = "Pods-iChat.release.xcconfig"; path = "Target Support Files/Pods-iChat/Pods-iChat.release.xcconfig"; sourceTree = "<group>"; };
		D02DE0F9233D1A7A005F9113 /* ProfileViewTableViewController.swift */ = {isa = PBXFileReference; lastKnownFileType = sourcecode.swift; path = ProfileViewTableViewController.swift; sourceTree = "<group>"; };
		D034C578233D2AD900C1CEB5 /* Recent.swift */ = {isa = PBXFileReference; lastKnownFileType = sourcecode.swift; path = Recent.swift; sourceTree = "<group>"; };
		D034C57A233E345600C1CEB5 /* RecentChatTableViewCell.swift */ = {isa = PBXFileReference; lastKnownFileType = sourcecode.swift; path = RecentChatTableViewCell.swift; sourceTree = "<group>"; };
		D06412592332788F00985C84 /* iChat.app */ = {isa = PBXFileReference; explicitFileType = wrapper.application; includeInIndex = 0; path = iChat.app; sourceTree = BUILT_PRODUCTS_DIR; };
		D064125C2332788F00985C84 /* AppDelegate.swift */ = {isa = PBXFileReference; lastKnownFileType = sourcecode.swift; path = AppDelegate.swift; sourceTree = "<group>"; };
		D06412612332788F00985C84 /* Base */ = {isa = PBXFileReference; lastKnownFileType = file.storyboard; name = Base; path = Base.lproj/Main.storyboard; sourceTree = "<group>"; };
		D06412632332789100985C84 /* Assets.xcassets */ = {isa = PBXFileReference; lastKnownFileType = folder.assetcatalog; path = Assets.xcassets; sourceTree = "<group>"; };
		D06412662332789100985C84 /* Base */ = {isa = PBXFileReference; lastKnownFileType = file.storyboard; name = Base; path = Base.lproj/LaunchScreen.storyboard; sourceTree = "<group>"; };
		D06412682332789100985C84 /* Info.plist */ = {isa = PBXFileReference; lastKnownFileType = text.plist.xml; path = Info.plist; sourceTree = "<group>"; };
		D064126E23328B8A00985C84 /* WelcomeViewController.swift */ = {isa = PBXFileReference; lastKnownFileType = sourcecode.swift; path = WelcomeViewController.swift; sourceTree = "<group>"; };
		D0641270233297FA00985C84 /* GoogleService-Info.plist */ = {isa = PBXFileReference; fileEncoding = 4; lastKnownFileType = text.plist.xml; path = "GoogleService-Info.plist"; sourceTree = "<group>"; };
		D0641272233299D100985C84 /* FUser.swift */ = {isa = PBXFileReference; lastKnownFileType = sourcecode.swift; path = FUser.swift; sourceTree = "<group>"; };
		D064127423329AAF00985C84 /* Constants.swift */ = {isa = PBXFileReference; lastKnownFileType = sourcecode.swift; path = Constants.swift; sourceTree = "<group>"; };
		D06412762332A5C000985C84 /* CollectionReference.swift */ = {isa = PBXFileReference; lastKnownFileType = sourcecode.swift; path = CollectionReference.swift; sourceTree = "<group>"; };
		D06412782332A68900985C84 /* HelperFunctions.swift */ = {isa = PBXFileReference; lastKnownFileType = sourcecode.swift; path = HelperFunctions.swift; sourceTree = "<group>"; };
		D064127A2333E79D00985C84 /* FinishRegistrationViewController.swift */ = {isa = PBXFileReference; lastKnownFileType = sourcecode.swift; path = FinishRegistrationViewController.swift; sourceTree = "<group>"; };
		D08389A32341020A00D36072 /* ChatViewController.swift */ = {isa = PBXFileReference; lastKnownFileType = sourcecode.swift; path = ChatViewController.swift; sourceTree = "<group>"; };
		D08389A52342257500D36072 /* OutgoingMessages.swift */ = {isa = PBXFileReference; lastKnownFileType = sourcecode.swift; path = OutgoingMessages.swift; sourceTree = "<group>"; };
		D08389A7234238E000D36072 /* IncomingMessages.swift */ = {isa = PBXFileReference; lastKnownFileType = sourcecode.swift; path = IncomingMessages.swift; sourceTree = "<group>"; };
		D0F4994623392A22006E15A9 /* SettingsTableViewController.swift */ = {isa = PBXFileReference; lastKnownFileType = sourcecode.swift; path = SettingsTableViewController.swift; sourceTree = "<group>"; };
		D0F49948233A2562006E15A9 /* UserTableViewCell.swift */ = {isa = PBXFileReference; lastKnownFileType = sourcecode.swift; path = UserTableViewCell.swift; sourceTree = "<group>"; };
		D0F4994B233A2BD8006E15A9 /* UsersTableViewController.swift */ = {isa = PBXFileReference; lastKnownFileType = sourcecode.swift; path = UsersTableViewController.swift; sourceTree = "<group>"; };
		D0F4994D233A3BAB006E15A9 /* ChatsViewController.swift */ = {isa = PBXFileReference; lastKnownFileType = sourcecode.swift; path = ChatsViewController.swift; sourceTree = "<group>"; };
		EDF0B002FF31DCC6009A6815 /* Pods-iChat.debug.xcconfig */ = {isa = PBXFileReference; includeInIndex = 1; lastKnownFileType = text.xcconfig; name = "Pods-iChat.debug.xcconfig"; path = "Target Support Files/Pods-iChat/Pods-iChat.debug.xcconfig"; sourceTree = "<group>"; };
/* End PBXFileReference section */

/* Begin PBXFrameworksBuildPhase section */
		D06412562332788F00985C84 /* Frameworks */ = {
			isa = PBXFrameworksBuildPhase;
			buildActionMask = 2147483647;
			files = (
				C130173EB30D501D39BCB63D /* Pods_iChat.framework in Frameworks */,
			);
			runOnlyForDeploymentPostprocessing = 0;
		};
/* End PBXFrameworksBuildPhase section */

/* Begin PBXGroup section */
		13DDF393A138E1B4FBDA40B8 /* Pods */ = {
			isa = PBXGroup;
			children = (
				EDF0B002FF31DCC6009A6815 /* Pods-iChat.debug.xcconfig */,
				897E7FF311F780FF7F94BF22 /* Pods-iChat.release.xcconfig */,
			);
			path = Pods;
			sourceTree = "<group>";
		};
		61A6A1A5BC6C8533EF4B9213 /* Frameworks */ = {
			isa = PBXGroup;
			children = (
				4795C66032AF10653BDC9019 /* Pods_iChat.framework */,
			);
			name = Frameworks;
			sourceTree = "<group>";
		};
		D02DE0FB233D2834005F9113 /* WelcomeViews */ = {
			isa = PBXGroup;
			children = (
				D064126E23328B8A00985C84 /* WelcomeViewController.swift */,
				D064127A2333E79D00985C84 /* FinishRegistrationViewController.swift */,
			);
			path = WelcomeViews;
			sourceTree = "<group>";
		};
		D02DE0FC233D2879005F9113 /* MainViews */ = {
			isa = PBXGroup;
			children = (
				D0F4994623392A22006E15A9 /* SettingsTableViewController.swift */,
				D0F4994D233A3BAB006E15A9 /* ChatsViewController.swift */,
			);
			path = MainViews;
			sourceTree = "<group>";
		};
		D02DE0FD233D289C005F9113 /* SecondaryViews */ = {
			isa = PBXGroup;
			children = (
				D0F4994B233A2BD8006E15A9 /* UsersTableViewController.swift */,
				D02DE0F9233D1A7A005F9113 /* ProfileViewTableViewController.swift */,
				D08389A32341020A00D36072 /* ChatViewController.swift */,
			);
			path = SecondaryViews;
			sourceTree = "<group>";
		};
		D06412502332788F00985C84 = {
			isa = PBXGroup;
			children = (
				D064125B2332788F00985C84 /* iChat */,
				D064125A2332788F00985C84 /* Products */,
				13DDF393A138E1B4FBDA40B8 /* Pods */,
				61A6A1A5BC6C8533EF4B9213 /* Frameworks */,
			);
			sourceTree = "<group>";
		};
		D064125A2332788F00985C84 /* Products */ = {
			isa = PBXGroup;
			children = (
				D06412592332788F00985C84 /* iChat.app */,
			);
			name = Products;
			sourceTree = "<group>";
		};
		D064125B2332788F00985C84 /* iChat */ = {
			isa = PBXGroup;
			children = (
				D064125C2332788F00985C84 /* AppDelegate.swift */,
				D02DE0FB233D2834005F9113 /* WelcomeViews */,
				D02DE0FC233D2879005F9113 /* MainViews */,
				D02DE0FD233D289C005F9113 /* SecondaryViews */,
				D0F4994A233A2B67006E15A9 /* CustomCells */,
				D064127D2333E80F00985C84 /* Classes */,
				D064127C2333E7F400985C84 /* Helpers */,
				D06412602332788F00985C84 /* Main.storyboard */,
				D06412632332789100985C84 /* Assets.xcassets */,
				D06412652332789100985C84 /* LaunchScreen.storyboard */,
				D06412682332789100985C84 /* Info.plist */,
				D0641270233297FA00985C84 /* GoogleService-Info.plist */,
			);
			path = iChat;
			sourceTree = "<group>";
		};
		D064127C2333E7F400985C84 /* Helpers */ = {
			isa = PBXGroup;
			children = (
				D06412782332A68900985C84 /* HelperFunctions.swift */,
				D064127423329AAF00985C84 /* Constants.swift */,
				D06412762332A5C000985C84 /* CollectionReference.swift */,
			);
			path = Helpers;
			sourceTree = "<group>";
		};
		D064127D2333E80F00985C84 /* Classes */ = {
			isa = PBXGroup;
			children = (
				D0641272233299D100985C84 /* FUser.swift */,
				D034C578233D2AD900C1CEB5 /* Recent.swift */,
				D08389A52342257500D36072 /* OutgoingMessages.swift */,
				D08389A7234238E000D36072 /* IncomingMessages.swift */,
			);
			path = Classes;
			sourceTree = "<group>";
		};
		D0F4994A233A2B67006E15A9 /* CustomCells */ = {
			isa = PBXGroup;
			children = (
				D0F49948233A2562006E15A9 /* UserTableViewCell.swift */,
				D034C57A233E345600C1CEB5 /* RecentChatTableViewCell.swift */,
			);
			path = CustomCells;
			sourceTree = "<group>";
		};
/* End PBXGroup section */

/* Begin PBXNativeTarget section */
		D06412582332788F00985C84 /* iChat */ = {
			isa = PBXNativeTarget;
			buildConfigurationList = D064126B2332789100985C84 /* Build configuration list for PBXNativeTarget "iChat" */;
			buildPhases = (
				78276FE704232BB4C85D2FBB /* [CP] Check Pods Manifest.lock */,
				D06412552332788F00985C84 /* Sources */,
				D06412562332788F00985C84 /* Frameworks */,
				D06412572332788F00985C84 /* Resources */,
				F20F6D3B53B897E66E08465B /* [CP] Embed Pods Frameworks */,
			);
			buildRules = (
			);
			dependencies = (
			);
			name = iChat;
			productName = iChat;
			productReference = D06412592332788F00985C84 /* iChat.app */;
			productType = "com.apple.product-type.application";
		};
/* End PBXNativeTarget section */

/* Begin PBXProject section */
		D06412512332788F00985C84 /* Project object */ = {
			isa = PBXProject;
			attributes = {
				LastSwiftUpdateCheck = 1030;
				LastUpgradeCheck = 1030;
				ORGANIZATIONNAME = "Redesajn Interactive Solutions";
				TargetAttributes = {
					D06412582332788F00985C84 = {
						CreatedOnToolsVersion = 10.3;
					};
				};
			};
			buildConfigurationList = D06412542332788F00985C84 /* Build configuration list for PBXProject "iChat" */;
			compatibilityVersion = "Xcode 9.3";
			developmentRegion = en;
			hasScannedForEncodings = 0;
			knownRegions = (
				en,
				Base,
			);
			mainGroup = D06412502332788F00985C84;
			productRefGroup = D064125A2332788F00985C84 /* Products */;
			projectDirPath = "";
			projectRoot = "";
			targets = (
				D06412582332788F00985C84 /* iChat */,
			);
		};
/* End PBXProject section */

/* Begin PBXResourcesBuildPhase section */
		D06412572332788F00985C84 /* Resources */ = {
			isa = PBXResourcesBuildPhase;
			buildActionMask = 2147483647;
			files = (
				D06412672332789100985C84 /* LaunchScreen.storyboard in Resources */,
				D0641271233297FA00985C84 /* GoogleService-Info.plist in Resources */,
				D06412642332789100985C84 /* Assets.xcassets in Resources */,
				D06412622332788F00985C84 /* Main.storyboard in Resources */,
			);
			runOnlyForDeploymentPostprocessing = 0;
		};
/* End PBXResourcesBuildPhase section */

/* Begin PBXShellScriptBuildPhase section */
		78276FE704232BB4C85D2FBB /* [CP] Check Pods Manifest.lock */ = {
			isa = PBXShellScriptBuildPhase;
			buildActionMask = 2147483647;
			files = (
			);
			inputFileListPaths = (
			);
			inputPaths = (
				"${PODS_PODFILE_DIR_PATH}/Podfile.lock",
				"${PODS_ROOT}/Manifest.lock",
			);
			name = "[CP] Check Pods Manifest.lock";
			outputFileListPaths = (
			);
			outputPaths = (
				"$(DERIVED_FILE_DIR)/Pods-iChat-checkManifestLockResult.txt",
			);
			runOnlyForDeploymentPostprocessing = 0;
			shellPath = /bin/sh;
			shellScript = "diff \"${PODS_PODFILE_DIR_PATH}/Podfile.lock\" \"${PODS_ROOT}/Manifest.lock\" > /dev/null\nif [ $? != 0 ] ; then\n    # print error to STDERR\n    echo \"error: The sandbox is not in sync with the Podfile.lock. Run 'pod install' or update your CocoaPods installation.\" >&2\n    exit 1\nfi\n# This output is used by Xcode 'outputs' to avoid re-running this script phase.\necho \"SUCCESS\" > \"${SCRIPT_OUTPUT_FILE_0}\"\n";
			showEnvVarsInLog = 0;
		};
		F20F6D3B53B897E66E08465B /* [CP] Embed Pods Frameworks */ = {
			isa = PBXShellScriptBuildPhase;
			buildActionMask = 2147483647;
			files = (
			);
			inputFileListPaths = (
				"${PODS_ROOT}/Target Support Files/Pods-iChat/Pods-iChat-frameworks-${CONFIGURATION}-input-files.xcfilelist",
			);
			name = "[CP] Embed Pods Frameworks";
			outputFileListPaths = (
				"${PODS_ROOT}/Target Support Files/Pods-iChat/Pods-iChat-frameworks-${CONFIGURATION}-output-files.xcfilelist",
			);
			runOnlyForDeploymentPostprocessing = 0;
			shellPath = /bin/sh;
			shellScript = "\"${PODS_ROOT}/Target Support Files/Pods-iChat/Pods-iChat-frameworks.sh\"\n";
			showEnvVarsInLog = 0;
		};
/* End PBXShellScriptBuildPhase section */

/* Begin PBXSourcesBuildPhase section */
		D06412552332788F00985C84 /* Sources */ = {
			isa = PBXSourcesBuildPhase;
			buildActionMask = 2147483647;
			files = (
				D0641273233299D100985C84 /* FUser.swift in Sources */,
				D034C579233D2AD900C1CEB5 /* Recent.swift in Sources */,
				D0F49949233A2562006E15A9 /* UserTableViewCell.swift in Sources */,
				D02DE0FA233D1A7A005F9113 /* ProfileViewTableViewController.swift in Sources */,
				D08389A8234238E000D36072 /* IncomingMessages.swift in Sources */,
				D034C57B233E345600C1CEB5 /* RecentChatTableViewCell.swift in Sources */,
				D08389A62342257500D36072 /* OutgoingMessages.swift in Sources */,
				D064125D2332788F00985C84 /* AppDelegate.swift in Sources */,
				D064126F23328B8A00985C84 /* WelcomeViewController.swift in Sources */,
				D06412772332A5C000985C84 /* CollectionReference.swift in Sources */,
				D0F4994723392A22006E15A9 /* SettingsTableViewController.swift in Sources */,
				D0F4994E233A3BAB006E15A9 /* ChatsViewController.swift in Sources */,
				D064127523329AAF00985C84 /* Constants.swift in Sources */,
				D064127B2333E79D00985C84 /* FinishRegistrationViewController.swift in Sources */,
				D0F4994C233A2BD8006E15A9 /* UsersTableViewController.swift in Sources */,
				D08389A42341020A00D36072 /* ChatViewController.swift in Sources */,
				D06412792332A68900985C84 /* HelperFunctions.swift in Sources */,
			);
			runOnlyForDeploymentPostprocessing = 0;
		};
/* End PBXSourcesBuildPhase section */

/* Begin PBXVariantGroup section */
		D06412602332788F00985C84 /* Main.storyboard */ = {
			isa = PBXVariantGroup;
			children = (
				D06412612332788F00985C84 /* Base */,
			);
			name = Main.storyboard;
			sourceTree = "<group>";
		};
		D06412652332789100985C84 /* LaunchScreen.storyboard */ = {
			isa = PBXVariantGroup;
			children = (
				D06412662332789100985C84 /* Base */,
			);
			name = LaunchScreen.storyboard;
			sourceTree = "<group>";
		};
/* End PBXVariantGroup section */

/* Begin XCBuildConfiguration section */
		D06412692332789100985C84 /* Debug */ = {
			isa = XCBuildConfiguration;
			buildSettings = {
				ALWAYS_SEARCH_USER_PATHS = NO;
				CLANG_ANALYZER_NONNULL = YES;
				CLANG_ANALYZER_NUMBER_OBJECT_CONVERSION = YES_AGGRESSIVE;
				CLANG_CXX_LANGUAGE_STANDARD = "gnu++14";
				CLANG_CXX_LIBRARY = "libc++";
				CLANG_ENABLE_MODULES = YES;
				CLANG_ENABLE_OBJC_ARC = YES;
				CLANG_ENABLE_OBJC_WEAK = YES;
				CLANG_WARN_BLOCK_CAPTURE_AUTORELEASING = YES;
				CLANG_WARN_BOOL_CONVERSION = YES;
				CLANG_WARN_COMMA = YES;
				CLANG_WARN_CONSTANT_CONVERSION = YES;
				CLANG_WARN_DEPRECATED_OBJC_IMPLEMENTATIONS = YES;
				CLANG_WARN_DIRECT_OBJC_ISA_USAGE = YES_ERROR;
				CLANG_WARN_DOCUMENTATION_COMMENTS = YES;
				CLANG_WARN_EMPTY_BODY = YES;
				CLANG_WARN_ENUM_CONVERSION = YES;
				CLANG_WARN_INFINITE_RECURSION = YES;
				CLANG_WARN_INT_CONVERSION = YES;
				CLANG_WARN_NON_LITERAL_NULL_CONVERSION = YES;
				CLANG_WARN_OBJC_IMPLICIT_RETAIN_SELF = YES;
				CLANG_WARN_OBJC_LITERAL_CONVERSION = YES;
				CLANG_WARN_OBJC_ROOT_CLASS = YES_ERROR;
				CLANG_WARN_RANGE_LOOP_ANALYSIS = YES;
				CLANG_WARN_STRICT_PROTOTYPES = YES;
				CLANG_WARN_SUSPICIOUS_MOVE = YES;
				CLANG_WARN_UNGUARDED_AVAILABILITY = YES_AGGRESSIVE;
				CLANG_WARN_UNREACHABLE_CODE = YES;
				CLANG_WARN__DUPLICATE_METHOD_MATCH = YES;
				CODE_SIGN_IDENTITY = "iPhone Developer";
				COPY_PHASE_STRIP = NO;
				DEBUG_INFORMATION_FORMAT = dwarf;
				ENABLE_STRICT_OBJC_MSGSEND = YES;
				ENABLE_TESTABILITY = YES;
				GCC_C_LANGUAGE_STANDARD = gnu11;
				GCC_DYNAMIC_NO_PIC = NO;
				GCC_NO_COMMON_BLOCKS = YES;
				GCC_OPTIMIZATION_LEVEL = 0;
				GCC_PREPROCESSOR_DEFINITIONS = (
					"DEBUG=1",
					"$(inherited)",
				);
				GCC_WARN_64_TO_32_BIT_CONVERSION = YES;
				GCC_WARN_ABOUT_RETURN_TYPE = YES_ERROR;
				GCC_WARN_UNDECLARED_SELECTOR = YES;
				GCC_WARN_UNINITIALIZED_AUTOS = YES_AGGRESSIVE;
				GCC_WARN_UNUSED_FUNCTION = YES;
				GCC_WARN_UNUSED_VARIABLE = YES;
				IPHONEOS_DEPLOYMENT_TARGET = 12.4;
				MTL_ENABLE_DEBUG_INFO = INCLUDE_SOURCE;
				MTL_FAST_MATH = YES;
				ONLY_ACTIVE_ARCH = YES;
				SDKROOT = iphoneos;
				SWIFT_ACTIVE_COMPILATION_CONDITIONS = DEBUG;
				SWIFT_OPTIMIZATION_LEVEL = "-Onone";
			};
			name = Debug;
		};
		D064126A2332789100985C84 /* Release */ = {
			isa = XCBuildConfiguration;
			buildSettings = {
				ALWAYS_SEARCH_USER_PATHS = NO;
				CLANG_ANALYZER_NONNULL = YES;
				CLANG_ANALYZER_NUMBER_OBJECT_CONVERSION = YES_AGGRESSIVE;
				CLANG_CXX_LANGUAGE_STANDARD = "gnu++14";
				CLANG_CXX_LIBRARY = "libc++";
				CLANG_ENABLE_MODULES = YES;
				CLANG_ENABLE_OBJC_ARC = YES;
				CLANG_ENABLE_OBJC_WEAK = YES;
				CLANG_WARN_BLOCK_CAPTURE_AUTORELEASING = YES;
				CLANG_WARN_BOOL_CONVERSION = YES;
				CLANG_WARN_COMMA = YES;
				CLANG_WARN_CONSTANT_CONVERSION = YES;
				CLANG_WARN_DEPRECATED_OBJC_IMPLEMENTATIONS = YES;
				CLANG_WARN_DIRECT_OBJC_ISA_USAGE = YES_ERROR;
				CLANG_WARN_DOCUMENTATION_COMMENTS = YES;
				CLANG_WARN_EMPTY_BODY = YES;
				CLANG_WARN_ENUM_CONVERSION = YES;
				CLANG_WARN_INFINITE_RECURSION = YES;
				CLANG_WARN_INT_CONVERSION = YES;
				CLANG_WARN_NON_LITERAL_NULL_CONVERSION = YES;
				CLANG_WARN_OBJC_IMPLICIT_RETAIN_SELF = YES;
				CLANG_WARN_OBJC_LITERAL_CONVERSION = YES;
				CLANG_WARN_OBJC_ROOT_CLASS = YES_ERROR;
				CLANG_WARN_RANGE_LOOP_ANALYSIS = YES;
				CLANG_WARN_STRICT_PROTOTYPES = YES;
				CLANG_WARN_SUSPICIOUS_MOVE = YES;
				CLANG_WARN_UNGUARDED_AVAILABILITY = YES_AGGRESSIVE;
				CLANG_WARN_UNREACHABLE_CODE = YES;
				CLANG_WARN__DUPLICATE_METHOD_MATCH = YES;
				CODE_SIGN_IDENTITY = "iPhone Developer";
				COPY_PHASE_STRIP = NO;
				DEBUG_INFORMATION_FORMAT = "dwarf-with-dsym";
				ENABLE_NS_ASSERTIONS = NO;
				ENABLE_STRICT_OBJC_MSGSEND = YES;
				GCC_C_LANGUAGE_STANDARD = gnu11;
				GCC_NO_COMMON_BLOCKS = YES;
				GCC_WARN_64_TO_32_BIT_CONVERSION = YES;
				GCC_WARN_ABOUT_RETURN_TYPE = YES_ERROR;
				GCC_WARN_UNDECLARED_SELECTOR = YES;
				GCC_WARN_UNINITIALIZED_AUTOS = YES_AGGRESSIVE;
				GCC_WARN_UNUSED_FUNCTION = YES;
				GCC_WARN_UNUSED_VARIABLE = YES;
				IPHONEOS_DEPLOYMENT_TARGET = 12.4;
				MTL_ENABLE_DEBUG_INFO = NO;
				MTL_FAST_MATH = YES;
				SDKROOT = iphoneos;
				SWIFT_COMPILATION_MODE = wholemodule;
				SWIFT_OPTIMIZATION_LEVEL = "-O";
				VALIDATE_PRODUCT = YES;
			};
			name = Release;
		};
		D064126C2332789100985C84 /* Debug */ = {
			isa = XCBuildConfiguration;
			baseConfigurationReference = EDF0B002FF31DCC6009A6815 /* Pods-iChat.debug.xcconfig */;
			buildSettings = {
				ASSETCATALOG_COMPILER_APPICON_NAME = AppIcon;
				CODE_SIGN_STYLE = Automatic;
				DEVELOPMENT_TEAM = 8LQCVK238Y;
				INFOPLIST_FILE = iChat/Info.plist;
				LD_RUNPATH_SEARCH_PATHS = (
					"$(inherited)",
					"@executable_path/Frameworks",
				);
				PRODUCT_BUNDLE_IDENTIFIER = com.redesajn.iChat;
				PRODUCT_NAME = "$(TARGET_NAME)";
				SWIFT_VERSION = 5.0;
				TARGETED_DEVICE_FAMILY = "1,2";
			};
			name = Debug;
		};
		D064126D2332789100985C84 /* Release */ = {
			isa = XCBuildConfiguration;
			baseConfigurationReference = 897E7FF311F780FF7F94BF22 /* Pods-iChat.release.xcconfig */;
			buildSettings = {
				ASSETCATALOG_COMPILER_APPICON_NAME = AppIcon;
				CODE_SIGN_STYLE = Automatic;
				DEVELOPMENT_TEAM = 8LQCVK238Y;
				INFOPLIST_FILE = iChat/Info.plist;
				LD_RUNPATH_SEARCH_PATHS = (
					"$(inherited)",
					"@executable_path/Frameworks",
				);
				PRODUCT_BUNDLE_IDENTIFIER = com.redesajn.iChat;
				PRODUCT_NAME = "$(TARGET_NAME)";
				SWIFT_VERSION = 5.0;
				TARGETED_DEVICE_FAMILY = "1,2";
			};
			name = Release;
		};
/* End XCBuildConfiguration section */

/* Begin XCConfigurationList section */
		D06412542332788F00985C84 /* Build configuration list for PBXProject "iChat" */ = {
			isa = XCConfigurationList;
			buildConfigurations = (
				D06412692332789100985C84 /* Debug */,
				D064126A2332789100985C84 /* Release */,
			);
			defaultConfigurationIsVisible = 0;
			defaultConfigurationName = Release;
		};
		D064126B2332789100985C84 /* Build configuration list for PBXNativeTarget "iChat" */ = {
			isa = XCConfigurationList;
			buildConfigurations = (
				D064126C2332789100985C84 /* Debug */,
				D064126D2332789100985C84 /* Release */,
			);
			defaultConfigurationIsVisible = 0;
			defaultConfigurationName = Release;
		};
/* End XCConfigurationList section */
	};
	rootObject = D06412512332788F00985C84 /* Project object */;
}
